
Microsoft Visual Studio Solution File, Format Version 12.00
# Visual Studio Version 17
VisualStudioVersion = 17.5.002.0
MinimumVisualStudioVersion = 10.0.40219.1
Project("{9A19103F-16F7-4668-BE54-9A1E7A4F7556}") = "Task-1", "Task-1\Task-1.csproj", "{F02F6A64-21C2-4F23-A1AF-A0F75118F7D7}"
EndProject
Global
	GlobalSection(SolutionConfigurationPlatforms) = preSolution
		Debug|Any CPU = Debug|Any CPU
		Release|Any CPU = Release|Any CPU
	EndGlobalSection
	GlobalSection(ProjectConfigurationPlatforms) = postSolution
		{F02F6A64-21C2-4F23-A1AF-A0F75118F7D7}.Debug|Any CPU.ActiveCfg = Debug|Any CPU
		{F02F6A64-21C2-4F23-A1AF-A0F75118F7D7}.Debug|Any CPU.Build.0 = Debug|Any CPU
		{F02F6A64-21C2-4F23-A1AF-A0F75118F7D7}.Release|Any CPU.ActiveCfg = Release|Any CPU
		{F02F6A64-21C2-4F23-A1AF-A0F75118F7D7}.Release|Any CPU.Build.0 = Release|Any CPU
	EndGlobalSection
	GlobalSection(SolutionProperties) = preSolution
		HideSolutionNode = FALSE
	EndGlobalSection
	GlobalSection(ExtensibilityGlobals) = postSolution
		SolutionGuid = {BA5511CC-2E41-4E39-9501-0E1257C04F06}
	EndGlobalSection
EndGlobal
